{
  "requires": true,
  "lockfileVersion": 1,
  "dependencies": {
    "get-port": {
      "version": "4.2.0",
      "resolved": "https://registry.npmjs.org/get-port/-/get-port-4.2.0.tgz",
      "integrity": "sha512-/b3jarXkH8KJoOMQc3uVGHASwGLPq3gSFJ7tgJm2diza+bydJPTGOibin2steecKeOylE8oY2JERlVWkAJO6yw==",
      "dev": true
    }
  }
}
